// !$*UTF8*$!
{
	archiveVersion = 1;
	classes = {
	};
	objectVersion = 50;
	objects = {

/* Begin PBXBuildFile section */
		9A30A98F24A7539B002499C8 /* AppDelegate.swift in Sources */ = {isa = PBXBuildFile; fileRef = 9A30A98E24A7539B002499C8 /* AppDelegate.swift */; };
		9A30A99124A7539B002499C8 /* SceneDelegate.swift in Sources */ = {isa = PBXBuildFile; fileRef = 9A30A99024A7539B002499C8 /* SceneDelegate.swift */; };
		9A30A99324A7539B002499C8 /* ViewController.swift in Sources */ = {isa = PBXBuildFile; fileRef = 9A30A99224A7539B002499C8 /* ViewController.swift */; };
		9A30A99624A7539B002499C8 /* Main.storyboard in Resources */ = {isa = PBXBuildFile; fileRef = 9A30A99424A7539B002499C8 /* Main.storyboard */; };
		9A30A99824A7539D002499C8 /* Assets.xcassets in Resources */ = {isa = PBXBuildFile; fileRef = 9A30A99724A7539D002499C8 /* Assets.xcassets */; };
		9A30A99B24A7539D002499C8 /* LaunchScreen.storyboard in Resources */ = {isa = PBXBuildFile; fileRef = 9A30A99924A7539D002499C8 /* LaunchScreen.storyboard */; };
		9A30A9A624A7539D002499C8 /* DogAgeTests.swift in Sources */ = {isa = PBXBuildFile; fileRef = 9A30A9A524A7539D002499C8 /* DogAgeTests.swift */; };
		9A30A9B124A7539D002499C8 /* DogAgeUITests.swift in Sources */ = {isa = PBXBuildFile; fileRef = 9A30A9B024A7539D002499C8 /* DogAgeUITests.swift */; };
/* End PBXBuildFile section */

/* Begin PBXContainerItemProxy section */
		9A30A9A224A7539D002499C8 /* PBXContainerItemProxy */ = {
			isa = PBXContainerItemProxy;
			containerPortal = 9A30A98324A7539B002499C8 /* Project object */;
			proxyType = 1;
			remoteGlobalIDString = 9A30A98A24A7539B002499C8;
			remoteInfo = DogAge;
		};
		9A30A9AD24A7539D002499C8 /* PBXContainerItemProxy */ = {
			isa = PBXContainerItemProxy;
			containerPortal = 9A30A98324A7539B002499C8 /* Project object */;
			proxyType = 1;
			remoteGlobalIDString = 9A30A98A24A7539B002499C8;
			remoteInfo = DogAge;
		};
/* End PBXContainerItemProxy section */

/* Begin PBXFileReference section */
		9A30A98B24A7539B002499C8 /* DogAge.app */ = {isa = PBXFileReference; explicitFileType = wrapper.application; includeInIndex = 0; path = DogAge.app; sourceTree = BUILT_PRODUCTS_DIR; };
		9A30A98E24A7539B002499C8 /* AppDelegate.swift */ = {isa = PBXFileReference; lastKnownFileType = sourcecode.swift; path = AppDelegate.swift; sourceTree = "<group>"; };
		9A30A99024A7539B002499C8 /* SceneDelegate.swift */ = {isa = PBXFileReference; lastKnownFileType = sourcecode.swift; path = SceneDelegate.swift; sourceTree = "<group>"; };
		9A30A99224A7539B002499C8 /* ViewController.swift */ = {isa = PBXFileReference; lastKnownFileType = sourcecode.swift; path = ViewController.swift; sourceTree = "<group>"; };
		9A30A99524A7539B002499C8 /* Base */ = {isa = PBXFileReference; lastKnownFileType = file.storyboard; name = Base; path = Base.lproj/Main.storyboard; sourceTree = "<group>"; };
		9A30A99724A7539D002499C8 /* Assets.xcassets */ = {isa = PBXFileReference; lastKnownFileType = folder.assetcatalog; path = Assets.xcassets; sourceTree = "<group>"; };
		9A30A99A24A7539D002499C8 /* Base */ = {isa = PBXFileReference; lastKnownFileType = file.storyboard; name = Base; path = Base.lproj/LaunchScreen.storyboard; sourceTree = "<group>"; };
		9A30A99C24A7539D002499C8 /* Info.plist */ = {isa = PBXFileReference; lastKnownFileType = text.plist.xml; path = Info.plist; sourceTree = "<group>"; };
		9A30A9A124A7539D002499C8 /* DogAgeTests.xctest */ = {isa = PBXFileReference; explicitFileType = wrapper.cfbundle; includeInIndex = 0; path = DogAgeTests.xctest; sourceTree = BUILT_PRODUCTS_DIR; };
		9A30A9A524A7539D002499C8 /* DogAgeTests.swift */ = {isa = PBXFileReference; lastKnownFileType = sourcecode.swift; path = DogAgeTests.swift; sourceTree = "<group>"; };
		9A30A9A724A7539D002499C8 /* Info.plist */ = {isa = PBXFileReference; lastKnownFileType = text.plist.xml; path = Info.plist; sourceTree = "<group>"; };
		9A30A9AC24A7539D002499C8 /* DogAgeUITests.xctest */ = {isa = PBXFileReference; explicitFileType = wrapper.cfbundle; includeInIndex = 0; path = DogAgeUITests.xctest; sourceTree = BUILT_PRODUCTS_DIR; };
		9A30A9B024A7539D002499C8 /* DogAgeUITests.swift */ = {isa = PBXFileReference; lastKnownFileType = sourcecode.swift; path = DogAgeUITests.swift; sourceTree = "<group>"; };
		9A30A9B224A7539D002499C8 /* Info.plist */ = {isa = PBXFileReference; lastKnownFileType = text.plist.xml; path = Info.plist; sourceTree = "<group>"; };
/* End PBXFileReference section */

/* Begin PBXFrameworksBuildPhase section */
		9A30A98824A7539B002499C8 /* Frameworks */ = {
			isa = PBXFrameworksBuildPhase;
			buildActionMask = 2147483647;
			files = (
			);
			runOnlyForDeploymentPostprocessing = 0;
		};
		9A30A99E24A7539D002499C8 /* Frameworks */ = {
			isa = PBXFrameworksBuildPhase;
			buildActionMask = 2147483647;
			files = (
			);
			runOnlyForDeploymentPostprocessing = 0;
		};
		9A30A9A924A7539D002499C8 /* Frameworks */ = {
			isa = PBXFrameworksBuildPhase;
			buildActionMask = 2147483647;
			files = (
			);
			runOnlyForDeploymentPostprocessing = 0;
		};
/* End PBXFrameworksBuildPhase section */

/* Begin PBXGroup section */
		9A30A98224A7539B002499C8 = {
			isa = PBXGroup;
			children = (
				9A30A98D24A7539B002499C8 /* DogAge */,
				9A30A9A424A7539D002499C8 /* DogAgeTests */,
				9A30A9AF24A7539D002499C8 /* DogAgeUITests */,
				9A30A98C24A7539B002499C8 /* Products */,
			);
			sourceTree = "<group>";
		};
		9A30A98C24A7539B002499C8 /* Products */ = {
			isa = PBXGroup;
			children = (
				9A30A98B24A7539B002499C8 /* DogAge.app */,
				9A30A9A124A7539D002499C8 /* DogAgeTests.xctest */,
				9A30A9AC24A7539D002499C8 /* DogAgeUITests.xctest */,
			);
			name = Products;
			sourceTree = "<group>";
		};
		9A30A98D24A7539B002499C8 /* DogAge */ = {
			isa = PBXGroup;
			children = (
				9A30A98E24A7539B002499C8 /* AppDelegate.swift */,
				9A30A99024A7539B002499C8 /* SceneDelegate.swift */,
				9A30A99224A7539B002499C8 /* ViewController.swift */,
				9A30A99424A7539B002499C8 /* Main.storyboard */,
				9A30A99724A7539D002499C8 /* Assets.xcassets */,
				9A30A99924A7539D002499C8 /* LaunchScreen.storyboard */,
				9A30A99C24A7539D002499C8 /* Info.plist */,
			);
			path = DogAge;
			sourceTree = "<group>";
		};
		9A30A9A424A7539D002499C8 /* DogAgeTests */ = {
			isa = PBXGroup;
			children = (
				9A30A9A524A7539D002499C8 /* DogAgeTests.swift */,
				9A30A9A724A7539D002499C8 /* Info.plist */,
			);
			path = DogAgeTests;
			sourceTree = "<group>";
		};
		9A30A9AF24A7539D002499C8 /* DogAgeUITests */ = {
			isa = PBXGroup;
			children = (
				9A30A9B024A7539D002499C8 /* DogAgeUITests.swift */,
				9A30A9B224A7539D002499C8 /* Info.plist */,
			);
			path = DogAgeUITests;
			sourceTree = "<group>";
		};
/* End PBXGroup section */

/* Begin PBXNativeTarget section */
		9A30A98A24A7539B002499C8 /* DogAge */ = {
			isa = PBXNativeTarget;
			buildConfigurationList = 9A30A9B524A7539D002499C8 /* Build configuration list for PBXNativeTarget "DogAge" */;
			buildPhases = (
				9A30A98724A7539B002499C8 /* Sources */,
				9A30A98824A7539B002499C8 /* Frameworks */,
				9A30A98924A7539B002499C8 /* Resources */,
			);
			buildRules = (
			);
			dependencies = (
			);
			name = DogAge;
			productName = DogAge;
			productReference = 9A30A98B24A7539B002499C8 /* DogAge.app */;
			productType = "com.apple.product-type.application";
		};
		9A30A9A024A7539D002499C8 /* DogAgeTests */ = {
			isa = PBXNativeTarget;
			buildConfigurationList = 9A30A9B824A7539D002499C8 /* Build configuration list for PBXNativeTarget "DogAgeTests" */;
			buildPhases = (
				9A30A99D24A7539D002499C8 /* Sources */,
				9A30A99E24A7539D002499C8 /* Frameworks */,
				9A30A99F24A7539D002499C8 /* Resources */,
			);
			buildRules = (
			);
			dependencies = (
				9A30A9A324A7539D002499C8 /* PBXTargetDependency */,
			);
			name = DogAgeTests;
			productName = DogAgeTests;
			productReference = 9A30A9A124A7539D002499C8 /* DogAgeTests.xctest */;
			productType = "com.apple.product-type.bundle.unit-test";
		};
		9A30A9AB24A7539D002499C8 /* DogAgeUITests */ = {
			isa = PBXNativeTarget;
			buildConfigurationList = 9A30A9BB24A7539D002499C8 /* Build configuration list for PBXNativeTarget "DogAgeUITests" */;
			buildPhases = (
				9A30A9A824A7539D002499C8 /* Sources */,
				9A30A9A924A7539D002499C8 /* Frameworks */,
				9A30A9AA24A7539D002499C8 /* Resources */,
			);
			buildRules = (
			);
			dependencies = (
				9A30A9AE24A7539D002499C8 /* PBXTargetDependency */,
			);
			name = DogAgeUITests;
			productName = DogAgeUITests;
			productReference = 9A30A9AC24A7539D002499C8 /* DogAgeUITests.xctest */;
			productType = "com.apple.product-type.bundle.ui-testing";
		};
/* End PBXNativeTarget section */

/* Begin PBXProject section */
		9A30A98324A7539B002499C8 /* Project object */ = {
			isa = PBXProject;
			attributes = {
				LastSwiftUpdateCheck = 1150;
				LastUpgradeCheck = 1150;
				ORGANIZATIONNAME = "Fadhil Amadan";
				TargetAttributes = {
					9A30A98A24A7539B002499C8 = {
						CreatedOnToolsVersion = 11.5;
					};
					9A30A9A024A7539D002499C8 = {
						CreatedOnToolsVersion = 11.5;
						TestTargetID = 9A30A98A24A7539B002499C8;
					};
					9A30A9AB24A7539D002499C8 = {
						CreatedOnToolsVersion = 11.5;
						TestTargetID = 9A30A98A24A7539B002499C8;
					};
				};
			};
			buildConfigurationList = 9A30A98624A7539B002499C8 /* Build configuration list for PBXProject "DogAge" */;
			compatibilityVersion = "Xcode 9.3";
			developmentRegion = en;
			hasScannedForEncodings = 0;
			knownRegions = (
				en,
				Base,
			);
			mainGroup = 9A30A98224A7539B002499C8;
			productRefGroup = 9A30A98C24A7539B002499C8 /* Products */;
			projectDirPath = "";
			projectRoot = "";
			targets = (
				9A30A98A24A7539B002499C8 /* DogAge */,
				9A30A9A024A7539D002499C8 /* DogAgeTests */,
				9A30A9AB24A7539D002499C8 /* DogAgeUITests */,
			);
		};
/* End PBXProject section */

/* Begin PBXResourcesBuildPhase section */
		9A30A98924A7539B002499C8 /* Resources */ = {
			isa = PBXResourcesBuildPhase;
			buildActionMask = 2147483647;
			files = (
				9A30A99B24A7539D002499C8 /* LaunchScreen.storyboard in Resources */,
				9A30A99824A7539D002499C8 /* Assets.xcassets in Resources */,
				9A30A99624A7539B002499C8 /* Main.storyboard in Resources */,
			);
			runOnlyForDeploymentPostprocessing = 0;
		};
		9A30A99F24A7539D002499C8 /* Resources */ = {
			isa = PBXResourcesBuildPhase;
			buildActionMask = 2147483647;
			files = (
			);
			runOnlyForDeploymentPostprocessing = 0;
		};
		9A30A9AA24A7539D002499C8 /* Resources */ = {
			isa = PBXResourcesBuildPhase;
			buildActionMask = 2147483647;
			files = (
			);
			runOnlyForDeploymentPostprocessing = 0;
		};
/* End PBXResourcesBuildPhase section */

/* Begin PBXSourcesBuildPhase section */
		9A30A98724A7539B002499C8 /* Sources */ = {
			isa = PBXSourcesBuildPhase;
			buildActionMask = 2147483647;
			files = (
				9A30A99324A7539B002499C8 /* ViewController.swift in Sources */,
				9A30A98F24A7539B002499C8 /* AppDelegate.swift in Sources */,
				9A30A99124A7539B002499C8 /* SceneDelegate.swift in Sources */,
			);
			runOnlyForDeploymentPostprocessing = 0;
		};
		9A30A99D24A7539D002499C8 /* Sources */ = {
			isa = PBXSourcesBuildPhase;
			buildActionMask = 2147483647;
			files = (
				9A30A9A624A7539D002499C8 /* DogAgeTests.swift in Sources */,
			);
			runOnlyForDeploymentPostprocessing = 0;
		};
		9A30A9A824A7539D002499C8 /* Sources */ = {
			isa = PBXSourcesBuildPhase;
			buildActionMask = 2147483647;
			files = (
				9A30A9B124A7539D002499C8 /* DogAgeUITests.swift in Sources */,
			);
			runOnlyForDeploymentPostprocessing = 0;
		};
/* End PBXSourcesBuildPhase section */

/* Begin PBXTargetDependency section */
		9A30A9A324A7539D002499C8 /* PBXTargetDependency */ = {
			isa = PBXTargetDependency;
			target = 9A30A98A24A7539B002499C8 /* DogAge */;
			targetProxy = 9A30A9A224A7539D002499C8 /* PBXContainerItemProxy */;
		};
		9A30A9AE24A7539D002499C8 /* PBXTargetDependency */ = {
			isa = PBXTargetDependency;
			target = 9A30A98A24A7539B002499C8 /* DogAge */;
			targetProxy = 9A30A9AD24A7539D002499C8 /* PBXContainerItemProxy */;
		};
/* End PBXTargetDependency section */

/* Begin PBXVariantGroup section */
		9A30A99424A7539B002499C8 /* Main.storyboard */ = {
			isa = PBXVariantGroup;
			children = (
				9A30A99524A7539B002499C8 /* Base */,
			);
			name = Main.storyboard;
			sourceTree = "<group>";
		};
		9A30A99924A7539D002499C8 /* LaunchScreen.storyboard */ = {
			isa = PBXVariantGroup;
			children = (
				9A30A99A24A7539D002499C8 /* Base */,
			);
			name = LaunchScreen.storyboard;
			sourceTree = "<group>";
		};
/* End PBXVariantGroup section */

/* Begin XCBuildConfiguration section */
		9A30A9B324A7539D002499C8 /* Debug */ = {
			isa = XCBuildConfiguration;
			buildSettings = {
				ALWAYS_SEARCH_USER_PATHS = NO;
				CLANG_ANALYZER_NONNULL = YES;
				CLANG_ANALYZER_NUMBER_OBJECT_CONVERSION = YES_AGGRESSIVE;
				CLANG_CXX_LANGUAGE_STANDARD = "gnu++14";
				CLANG_CXX_LIBRARY = "libc++";
				CLANG_ENABLE_MODULES = YES;
				CLANG_ENABLE_OBJC_ARC = YES;
				CLANG_ENABLE_OBJC_WEAK = YES;
				CLANG_WARN_BLOCK_CAPTURE_AUTORELEASING = YES;
				CLANG_WARN_BOOL_CONVERSION = YES;
				CLANG_WARN_COMMA = YES;
				CLANG_WARN_CONSTANT_CONVERSION = YES;
				CLANG_WARN_DEPRECATED_OBJC_IMPLEMENTATIONS = YES;
				CLANG_WARN_DIRECT_OBJC_ISA_USAGE = YES_ERROR;
				CLANG_WARN_DOCUMENTATION_COMMENTS = YES;
				CLANG_WARN_EMPTY_BODY = YES;
				CLANG_WARN_ENUM_CONVERSION = YES;
				CLANG_WARN_INFINITE_RECURSION = YES;
				CLANG_WARN_INT_CONVERSION = YES;
				CLANG_WARN_NON_LITERAL_NULL_CONVERSION = YES;
				CLANG_WARN_OBJC_IMPLICIT_RETAIN_SELF = YES;
				CLANG_WARN_OBJC_LITERAL_CONVERSION = YES;
				CLANG_WARN_OBJC_ROOT_CLASS = YES_ERROR;
				CLANG_WARN_RANGE_LOOP_ANALYSIS = YES;
				CLANG_WARN_STRICT_PROTOTYPES = YES;
				CLANG_WARN_SUSPICIOUS_MOVE = YES;
				CLANG_WARN_UNGUARDED_AVAILABILITY = YES_AGGRESSIVE;
				CLANG_WARN_UNREACHABLE_CODE = YES;
				CLANG_WARN__DUPLICATE_METHOD_MATCH = YES;
				COPY_PHASE_STRIP = NO;
				DEBUG_INFORMATION_FORMAT = dwarf;
				ENABLE_STRICT_OBJC_MSGSEND = YES;
				ENABLE_TESTABILITY = YES;
				GCC_C_LANGUAGE_STANDARD = gnu11;
				GCC_DYNAMIC_NO_PIC = NO;
				GCC_NO_COMMON_BLOCKS = YES;
				GCC_OPTIMIZATION_LEVEL = 0;
				GCC_PREPROCESSOR_DEFINITIONS = (
					"DEBUG=1",
					"$(inherited)",
				);
				GCC_WARN_64_TO_32_BIT_CONVERSION = YES;
				GCC_WARN_ABOUT_RETURN_TYPE = YES_ERROR;
				GCC_WARN_UNDECLARED_SELECTOR = YES;
				GCC_WARN_UNINITIALIZED_AUTOS = YES_AGGRESSIVE;
				GCC_WARN_UNUSED_FUNCTION = YES;
				GCC_WARN_UNUSED_VARIABLE = YES;
				IPHONEOS_DEPLOYMENT_TARGET = 13.5;
				MTL_ENABLE_DEBUG_INFO = INCLUDE_SOURCE;
				MTL_FAST_MATH = YES;
				ONLY_ACTIVE_ARCH = YES;
				SDKROOT = iphoneos;
				SWIFT_ACTIVE_COMPILATION_CONDITIONS = DEBUG;
				SWIFT_OPTIMIZATION_LEVEL = "-Onone";
			};
			name = Debug;
		};
		9A30A9B424A7539D002499C8 /* Release */ = {
			isa = XCBuildConfiguration;
			buildSettings = {
				ALWAYS_SEARCH_USER_PATHS = NO;
				CLANG_ANALYZER_NONNULL = YES;
				CLANG_ANALYZER_NUMBER_OBJECT_CONVERSION = YES_AGGRESSIVE;
				CLANG_CXX_LANGUAGE_STANDARD = "gnu++14";
				CLANG_CXX_LIBRARY = "libc++";
				CLANG_ENABLE_MODULES = YES;
				CLANG_ENABLE_OBJC_ARC = YES;
				CLANG_ENABLE_OBJC_WEAK = YES;
				CLANG_WARN_BLOCK_CAPTURE_AUTORELEASING = YES;
				CLANG_WARN_BOOL_CONVERSION = YES;
				CLANG_WARN_COMMA = YES;
				CLANG_WARN_CONSTANT_CONVERSION = YES;
				CLANG_WARN_DEPRECATED_OBJC_IMPLEMENTATIONS = YES;
				CLANG_WARN_DIRECT_OBJC_ISA_USAGE = YES_ERROR;
				CLANG_WARN_DOCUMENTATION_COMMENTS = YES;
				CLANG_WARN_EMPTY_BODY = YES;
				CLANG_WARN_ENUM_CONVERSION = YES;
				CLANG_WARN_INFINITE_RECURSION = YES;
				CLANG_WARN_INT_CONVERSION = YES;
				CLANG_WARN_NON_LITERAL_NULL_CONVERSION = YES;
				CLANG_WARN_OBJC_IMPLICIT_RETAIN_SELF = YES;
				CLANG_WARN_OBJC_LITERAL_CONVERSION = YES;
				CLANG_WARN_OBJC_ROOT_CLASS = YES_ERROR;
				CLANG_WARN_RANGE_LOOP_ANALYSIS = YES;
				CLANG_WARN_STRICT_PROTOTYPES = YES;
				CLANG_WARN_SUSPICIOUS_MOVE = YES;
				CLANG_WARN_UNGUARDED_AVAILABILITY = YES_AGGRESSIVE;
				CLANG_WARN_UNREACHABLE_CODE = YES;
				CLANG_WARN__DUPLICATE_METHOD_MATCH = YES;
				COPY_PHASE_STRIP = NO;
				DEBUG_INFORMATION_FORMAT = "dwarf-with-dsym";
				ENABLE_NS_ASSERTIONS = NO;
				ENABLE_STRICT_OBJC_MSGSEND = YES;
				GCC_C_LANGUAGE_STANDARD = gnu11;
				GCC_NO_COMMON_BLOCKS = YES;
				GCC_WARN_64_TO_32_BIT_CONVERSION = YES;
				GCC_WARN_ABOUT_RETURN_TYPE = YES_ERROR;
				GCC_WARN_UNDECLARED_SELECTOR = YES;
				GCC_WARN_UNINITIALIZED_AUTOS = YES_AGGRESSIVE;
				GCC_WARN_UNUSED_FUNCTION = YES;
				GCC_WARN_UNUSED_VARIABLE = YES;
				IPHONEOS_DEPLOYMENT_TARGET = 13.5;
				MTL_ENABLE_DEBUG_INFO = NO;
				MTL_FAST_MATH = YES;
				SDKROOT = iphoneos;
				SWIFT_COMPILATION_MODE = wholemodule;
				SWIFT_OPTIMIZATION_LEVEL = "-O";
				VALIDATE_PRODUCT = YES;
			};
			name = Release;
		};
		9A30A9B624A7539D002499C8 /* Debug */ = {
			isa = XCBuildConfiguration;
			buildSettings = {
				ASSETCATALOG_COMPILER_APPICON_NAME = AppIcon;
				CODE_SIGN_STYLE = Automatic;
				DEVELOPMENT_TEAM = LM684MGN3Q;
				INFOPLIST_FILE = DogAge/Info.plist;
				LD_RUNPATH_SEARCH_PATHS = (
					"$(inherited)",
					"@executable_path/Frameworks",
				);
				PRODUCT_BUNDLE_IDENTIFIER = com.nukucode.DogAge;
				PRODUCT_NAME = "$(TARGET_NAME)";
				SWIFT_VERSION = 5.0;
				TARGETED_DEVICE_FAMILY = "1,2";
			};
			name = Debug;
		};
		9A30A9B724A7539D002499C8 /* Release */ = {
			isa = XCBuildConfiguration;
			buildSettings = {
				ASSETCATALOG_COMPILER_APPICON_NAME = AppIcon;
				CODE_SIGN_STYLE = Automatic;
				DEVELOPMENT_TEAM = LM684MGN3Q;
				INFOPLIST_FILE = DogAge/Info.plist;
				LD_RUNPATH_SEARCH_PATHS = (
					"$(inherited)",
					"@executable_path/Frameworks",
				);
				PRODUCT_BUNDLE_IDENTIFIER = com.nukucode.DogAge;
				PRODUCT_NAME = "$(TARGET_NAME)";
				SWIFT_VERSION = 5.0;
				TARGETED_DEVICE_FAMILY = "1,2";
			};
			name = Release;
		};
		9A30A9B924A7539D002499C8 /* Debug */ = {
			isa = XCBuildConfiguration;
			buildSettings = {
				ALWAYS_EMBED_SWIFT_STANDARD_LIBRARIES = YES;
				BUNDLE_LOADER = "$(TEST_HOST)";
				CODE_SIGN_STYLE = Automatic;
				DEVELOPMENT_TEAM = LM684MGN3Q;
				INFOPLIST_FILE = DogAgeTests/Info.plist;
				IPHONEOS_DEPLOYMENT_TARGET = 13.5;
				LD_RUNPATH_SEARCH_PATHS = (
					"$(inherited)",
					"@executable_path/Frameworks",
					"@loader_path/Frameworks",
				);
				PRODUCT_BUNDLE_IDENTIFIER = com.nukucode.DogAgeTests;
				PRODUCT_NAME = "$(TARGET_NAME)";
				SWIFT_VERSION = 5.0;
				TARGETED_DEVICE_FAMILY = "1,2";
				TEST_HOST = "$(BUILT_PRODUCTS_DIR)/DogAge.app/DogAge";
			};
			name = Debug;
		};
		9A30A9BA24A7539D002499C8 /* Release */ = {
			isa = XCBuildConfiguration;
			buildSettings = {
				ALWAYS_EMBED_SWIFT_STANDARD_LIBRARIES = YES;
				BUNDLE_LOADER = "$(TEST_HOST)";
				CODE_SIGN_STYLE = Automatic;
				DEVELOPMENT_TEAM = LM684MGN3Q;
				INFOPLIST_FILE = DogAgeTests/Info.plist;
				IPHONEOS_DEPLOYMENT_TARGET = 13.5;
				LD_RUNPATH_SEARCH_PATHS = (
					"$(inherited)",
					"@executable_path/Frameworks",
					"@loader_path/Frameworks",
				);
				PRODUCT_BUNDLE_IDENTIFIER = com.nukucode.DogAgeTests;
				PRODUCT_NAME = "$(TARGET_NAME)";
				SWIFT_VERSION = 5.0;
				TARGETED_DEVICE_FAMILY = "1,2";
				TEST_HOST = "$(BUILT_PRODUCTS_DIR)/DogAge.app/DogAge";
			};
			name = Release;
		};
		9A30A9BC24A7539D002499C8 /* Debug */ = {
			isa = XCBuildConfiguration;
			buildSettings = {
				ALWAYS_EMBED_SWIFT_STANDARD_LIBRARIES = YES;
				CODE_SIGN_STYLE = Automatic;
				DEVELOPMENT_TEAM = LM684MGN3Q;
				INFOPLIST_FILE = DogAgeUITests/Info.plist;
				LD_RUNPATH_SEARCH_PATHS = (
					"$(inherited)",
					"@executable_path/Frameworks",
					"@loader_path/Frameworks",
				);
				PRODUCT_BUNDLE_IDENTIFIER = com.nukucode.DogAgeUITests;
				PRODUCT_NAME = "$(TARGET_NAME)";
				SWIFT_VERSION = 5.0;
				TARGETED_DEVICE_FAMILY = "1,2";
				TEST_TARGET_NAME = DogAge;
			};
			name = Debug;
		};
		9A30A9BD24A7539D002499C8 /* Release */ = {
			isa = XCBuildConfiguration;
			buildSettings = {
				ALWAYS_EMBED_SWIFT_STANDARD_LIBRARIES = YES;
				CODE_SIGN_STYLE = Automatic;
				DEVELOPMENT_TEAM = LM684MGN3Q;
				INFOPLIST_FILE = DogAgeUITests/Info.plist;
				LD_RUNPATH_SEARCH_PATHS = (
					"$(inherited)",
					"@executable_path/Frameworks",
					"@loader_path/Frameworks",
				);
				PRODUCT_BUNDLE_IDENTIFIER = com.nukucode.DogAgeUITests;
				PRODUCT_NAME = "$(TARGET_NAME)";
				SWIFT_VERSION = 5.0;
				TARGETED_DEVICE_FAMILY = "1,2";
				TEST_TARGET_NAME = DogAge;
			};
			name = Release;
		};
/* End XCBuildConfiguration section */

/* Begin XCConfigurationList section */
		9A30A98624A7539B002499C8 /* Build configuration list for PBXProject "DogAge" */ = {
			isa = XCConfigurationList;
			buildConfigurations = (
				9A30A9B324A7539D002499C8 /* Debug */,
				9A30A9B424A7539D002499C8 /* Release */,
			);
			defaultConfigurationIsVisible = 0;
			defaultConfigurationName = Release;
		};
		9A30A9B524A7539D002499C8 /* Build configuration list for PBXNativeTarget "DogAge" */ = {
			isa = XCConfigurationList;
			buildConfigurations = (
				9A30A9B624A7539D002499C8 /* Debug */,
				9A30A9B724A7539D002499C8 /* Release */,
			);
			defaultConfigurationIsVisible = 0;
			defaultConfigurationName = Release;
		};
		9A30A9B824A7539D002499C8 /* Build configuration list for PBXNativeTarget "DogAgeTests" */ = {
			isa = XCConfigurationList;
			buildConfigurations = (
				9A30A9B924A7539D002499C8 /* Debug */,
				9A30A9BA24A7539D002499C8 /* Release */,
			);
			defaultConfigurationIsVisible = 0;
			defaultConfigurationName = Release;
		};
		9A30A9BB24A7539D002499C8 /* Build configuration list for PBXNativeTarget "DogAgeUITests" */ = {
			isa = XCConfigurationList;
			buildConfigurations = (
				9A30A9BC24A7539D002499C8 /* Debug */,
				9A30A9BD24A7539D002499C8 /* Release */,
			);
			defaultConfigurationIsVisible = 0;
			defaultConfigurationName = Release;
		};
/* End XCConfigurationList section */
	};
	rootObject = 9A30A98324A7539B002499C8 /* Project object */;
}
